// !$*UTF8*$!
{
	archiveVersion = 1;
	classes = {
	};
	objectVersion = 50;
	objects = {

/* Begin PBXBuildFile section */
		86015C99232C52B50048C37E /* AppDelegate.swift in Sources */ = {isa = PBXBuildFile; fileRef = 86015C98232C52B50048C37E /* AppDelegate.swift */; };
		86015C9B232C52B50048C37E /* ViewController.swift in Sources */ = {isa = PBXBuildFile; fileRef = 86015C9A232C52B50048C37E /* ViewController.swift */; };
		86015C9E232C52B50048C37E /* Main.storyboard in Resources */ = {isa = PBXBuildFile; fileRef = 86015C9C232C52B50048C37E /* Main.storyboard */; };
		86015CA0232C52B70048C37E /* Assets.xcassets in Resources */ = {isa = PBXBuildFile; fileRef = 86015C9F232C52B70048C37E /* Assets.xcassets */; };
		86015CA3232C52B70048C37E /* LaunchScreen.storyboard in Resources */ = {isa = PBXBuildFile; fileRef = 86015CA1232C52B70048C37E /* LaunchScreen.storyboard */; };
		864AC33723481DE6005F9956 /* Model.xcdatamodeld in Sources */ = {isa = PBXBuildFile; fileRef = 864AC33523481DE6005F9956 /* Model.xcdatamodeld */; };
		8689C561236D0C10009FE07C /* Pessoa.swift in Sources */ = {isa = PBXBuildFile; fileRef = 8689C560236D0C10009FE07C /* Pessoa.swift */; };
		86CFF9A12335A24E00983ACC /* AddViewController.swift in Sources */ = {isa = PBXBuildFile; fileRef = 86CFF9A02335A24E00983ACC /* AddViewController.swift */; };
/* End PBXBuildFile section */

/* Begin PBXFileReference section */
		86015C95232C52B50048C37E /* agendaApp.app */ = {isa = PBXFileReference; explicitFileType = wrapper.application; includeInIndex = 0; path = agendaApp.app; sourceTree = BUILT_PRODUCTS_DIR; };
		86015C98232C52B50048C37E /* AppDelegate.swift */ = {isa = PBXFileReference; lastKnownFileType = sourcecode.swift; path = AppDelegate.swift; sourceTree = "<group>"; };
		86015C9A232C52B50048C37E /* ViewController.swift */ = {isa = PBXFileReference; lastKnownFileType = sourcecode.swift; path = ViewController.swift; sourceTree = "<group>"; };
		86015C9D232C52B50048C37E /* Base */ = {isa = PBXFileReference; lastKnownFileType = file.storyboard; name = Base; path = Base.lproj/Main.storyboard; sourceTree = "<group>"; };
		86015C9F232C52B70048C37E /* Assets.xcassets */ = {isa = PBXFileReference; lastKnownFileType = folder.assetcatalog; path = Assets.xcassets; sourceTree = "<group>"; };
		86015CA2232C52B70048C37E /* Base */ = {isa = PBXFileReference; lastKnownFileType = file.storyboard; name = Base; path = Base.lproj/LaunchScreen.storyboard; sourceTree = "<group>"; };
		86015CA4232C52B70048C37E /* Info.plist */ = {isa = PBXFileReference; lastKnownFileType = text.plist.xml; path = Info.plist; sourceTree = "<group>"; };
		864AC33623481DE6005F9956 /* Model.xcdatamodel */ = {isa = PBXFileReference; lastKnownFileType = wrapper.xcdatamodel; path = Model.xcdatamodel; sourceTree = "<group>"; };
		8689C560236D0C10009FE07C /* Pessoa.swift */ = {isa = PBXFileReference; lastKnownFileType = sourcecode.swift; path = Pessoa.swift; sourceTree = "<group>"; };
		86CFF9A02335A24E00983ACC /* AddViewController.swift */ = {isa = PBXFileReference; lastKnownFileType = sourcecode.swift; path = AddViewController.swift; sourceTree = "<group>"; };
/* End PBXFileReference section */

/* Begin PBXFrameworksBuildPhase section */
		86015C92232C52B50048C37E /* Frameworks */ = {
			isa = PBXFrameworksBuildPhase;
			buildActionMask = 2147483647;
			files = (
			);
			runOnlyForDeploymentPostprocessing = 0;
		};
/* End PBXFrameworksBuildPhase section */

/* Begin PBXGroup section */
		86015C8C232C52B50048C37E = {
			isa = PBXGroup;
			children = (
				86015C97232C52B50048C37E /* agendaApp */,
				86015C96232C52B50048C37E /* Products */,
			);
			sourceTree = "<group>";
		};
		86015C96232C52B50048C37E /* Products */ = {
			isa = PBXGroup;
			children = (
				86015C95232C52B50048C37E /* agendaApp.app */,
			);
			name = Products;
			sourceTree = "<group>";
		};
		86015C97232C52B50048C37E /* agendaApp */ = {
			isa = PBXGroup;
			children = (
				8689C560236D0C10009FE07C /* Pessoa.swift */,
				86015C98232C52B50048C37E /* AppDelegate.swift */,
				86015C9A232C52B50048C37E /* ViewController.swift */,
				86CFF9A02335A24E00983ACC /* AddViewController.swift */,
				86015C9C232C52B50048C37E /* Main.storyboard */,
				864AC33523481DE6005F9956 /* Model.xcdatamodeld */,
				86015C9F232C52B70048C37E /* Assets.xcassets */,
				86015CA1232C52B70048C37E /* LaunchScreen.storyboard */,
				86015CA4232C52B70048C37E /* Info.plist */,
			);
			path = agendaApp;
			sourceTree = "<group>";
		};
/* End PBXGroup section */

/* Begin PBXNativeTarget section */
		86015C94232C52B50048C37E /* agendaApp */ = {
			isa = PBXNativeTarget;
			buildConfigurationList = 86015CA7232C52B70048C37E /* Build configuration list for PBXNativeTarget "agendaApp" */;
			buildPhases = (
				86015C91232C52B50048C37E /* Sources */,
				86015C92232C52B50048C37E /* Frameworks */,
				86015C93232C52B50048C37E /* Resources */,
			);
			buildRules = (
			);
			dependencies = (
			);
			name = agendaApp;
			productName = agendaApp;
			productReference = 86015C95232C52B50048C37E /* agendaApp.app */;
			productType = "com.apple.product-type.application";
		};
/* End PBXNativeTarget section */

/* Begin PBXProject section */
		86015C8D232C52B50048C37E /* Project object */ = {
			isa = PBXProject;
			attributes = {
				LastSwiftUpdateCheck = 0940;
				LastUpgradeCheck = 0940;
				ORGANIZATIONNAME = "Victor Hugo";
				TargetAttributes = {
					86015C94232C52B50048C37E = {
						CreatedOnToolsVersion = 9.4.1;
					};
				};
			};
			buildConfigurationList = 86015C90232C52B50048C37E /* Build configuration list for PBXProject "agendaApp" */;
			compatibilityVersion = "Xcode 9.3";
			developmentRegion = en;
			hasScannedForEncodings = 0;
			knownRegions = (
				en,
				Base,
			);
			mainGroup = 86015C8C232C52B50048C37E;
			productRefGroup = 86015C96232C52B50048C37E /* Products */;
			projectDirPath = "";
			projectRoot = "";
			targets = (
				86015C94232C52B50048C37E /* agendaApp */,
			);
		};
/* End PBXProject section */

/* Begin PBXResourcesBuildPhase section */
		86015C93232C52B50048C37E /* Resources */ = {
			isa = PBXResourcesBuildPhase;
			buildActionMask = 2147483647;
			files = (
				86015CA3232C52B70048C37E /* LaunchScreen.storyboard in Resources */,
				86015CA0232C52B70048C37E /* Assets.xcassets in Resources */,
				86015C9E232C52B50048C37E /* Main.storyboard in Resources */,
			);
			runOnlyForDeploymentPostprocessing = 0;
		};
/* End PBXResourcesBuildPhase section */

/* Begin PBXSourcesBuildPhase section */
		86015C91232C52B50048C37E /* Sources */ = {
			isa = PBXSourcesBuildPhase;
			buildActionMask = 2147483647;
			files = (
				8689C561236D0C10009FE07C /* Pessoa.swift in Sources */,
				86015C9B232C52B50048C37E /* ViewController.swift in Sources */,
				86015C99232C52B50048C37E /* AppDelegate.swift in Sources */,
				86CFF9A12335A24E00983ACC /* AddViewController.swift in Sources */,
				864AC33723481DE6005F9956 /* Model.xcdatamodeld in Sources */,
			);
			runOnlyForDeploymentPostprocessing = 0;
		};
/* End PBXSourcesBuildPhase section */

/* Begin PBXVariantGroup section */
		86015C9C232C52B50048C37E /* Main.storyboard */ = {
			isa = PBXVariantGroup;
			children = (
				86015C9D232C52B50048C37E /* Base */,
			);
			name = Main.storyboard;
			sourceTree = "<group>";
		};
		86015CA1232C52B70048C37E /* LaunchScreen.storyboard */ = {
			isa = PBXVariantGroup;
			children = (
				86015CA2232C52B70048C37E /* Base */,
			);
			name = LaunchScreen.storyboard;
			sourceTree = "<group>";
		};
/* End PBXVariantGroup section */

/* Begin XCBuildConfiguration section */
		86015CA5232C52B70048C37E /* Debug */ = {
			isa = XCBuildConfiguration;
			buildSettings = {
				ALWAYS_SEARCH_USER_PATHS = NO;
				CLANG_ANALYZER_NONNULL = YES;
				CLANG_ANALYZER_NUMBER_OBJECT_CONVERSION = YES_AGGRESSIVE;
				CLANG_CXX_LANGUAGE_STANDARD = "gnu++14";
				CLANG_CXX_LIBRARY = "libc++";
				CLANG_ENABLE_MODULES = YES;
				CLANG_ENABLE_OBJC_ARC = YES;
				CLANG_ENABLE_OBJC_WEAK = YES;
				CLANG_WARN_BLOCK_CAPTURE_AUTORELEASING = YES;
				CLANG_WARN_BOOL_CONVERSION = YES;
				CLANG_WARN_COMMA = YES;
				CLANG_WARN_CONSTANT_CONVERSION = YES;
				CLANG_WARN_DEPRECATED_OBJC_IMPLEMENTATIONS = YES;
				CLANG_WARN_DIRECT_OBJC_ISA_USAGE = YES_ERROR;
				CLANG_WARN_DOCUMENTATION_COMMENTS = YES;
				CLANG_WARN_EMPTY_BODY = YES;
				CLANG_WARN_ENUM_CONVERSION = YES;
				CLANG_WARN_INFINITE_RECURSION = YES;
				CLANG_WARN_INT_CONVERSION = YES;
				CLANG_WARN_NON_LITERAL_NULL_CONVERSION = YES;
				CLANG_WARN_OBJC_IMPLICIT_RETAIN_SELF = YES;
				CLANG_WARN_OBJC_LITERAL_CONVERSION = YES;
				CLANG_WARN_OBJC_ROOT_CLASS = YES_ERROR;
				CLANG_WARN_RANGE_LOOP_ANALYSIS = YES;
				CLANG_WARN_STRICT_PROTOTYPES = YES;
				CLANG_WARN_SUSPICIOUS_MOVE = YES;
				CLANG_WARN_UNGUARDED_AVAILABILITY = YES_AGGRESSIVE;
				CLANG_WARN_UNREACHABLE_CODE = YES;
				CLANG_WARN__DUPLICATE_METHOD_MATCH = YES;
				CODE_SIGN_IDENTITY = "iPhone Developer";
				COPY_PHASE_STRIP = NO;
				DEBUG_INFORMATION_FORMAT = dwarf;
				ENABLE_STRICT_OBJC_MSGSEND = YES;
				ENABLE_TESTABILITY = YES;
				GCC_C_LANGUAGE_STANDARD = gnu11;
				GCC_DYNAMIC_NO_PIC = NO;
				GCC_NO_COMMON_BLOCKS = YES;
				GCC_OPTIMIZATION_LEVEL = 0;
				GCC_PREPROCESSOR_DEFINITIONS = (
					"DEBUG=1",
					"$(inherited)",
				);
				GCC_WARN_64_TO_32_BIT_CONVERSION = YES;
				GCC_WARN_ABOUT_RETURN_TYPE = YES_ERROR;
				GCC_WARN_UNDECLARED_SELECTOR = YES;
				GCC_WARN_UNINITIALIZED_AUTOS = YES_AGGRESSIVE;
				GCC_WARN_UNUSED_FUNCTION = YES;
				GCC_WARN_UNUSED_VARIABLE = YES;
				IPHONEOS_DEPLOYMENT_TARGET = 11.4;
				MTL_ENABLE_DEBUG_INFO = YES;
				ONLY_ACTIVE_ARCH = YES;
				SDKROOT = iphoneos;
				SWIFT_ACTIVE_COMPILATION_CONDITIONS = DEBUG;
				SWIFT_OPTIMIZATION_LEVEL = "-Onone";
			};
			name = Debug;
		};
		86015CA6232C52B70048C37E /* Release */ = {
			isa = XCBuildConfiguration;
			buildSettings = {
				ALWAYS_SEARCH_USER_PATHS = NO;
				CLANG_ANALYZER_NONNULL = YES;
				CLANG_ANALYZER_NUMBER_OBJECT_CONVERSION = YES_AGGRESSIVE;
				CLANG_CXX_LANGUAGE_STANDARD = "gnu++14";
				CLANG_CXX_LIBRARY = "libc++";
				CLANG_ENABLE_MODULES = YES;
				CLANG_ENABLE_OBJC_ARC = YES;
				CLANG_ENABLE_OBJC_WEAK = YES;
				CLANG_WARN_BLOCK_CAPTURE_AUTORELEASING = YES;
				CLANG_WARN_BOOL_CONVERSION = YES;
				CLANG_WARN_COMMA = YES;
				CLANG_WARN_CONSTANT_CONVERSION = YES;
				CLANG_WARN_DEPRECATED_OBJC_IMPLEMENTATIONS = YES;
				CLANG_WARN_DIRECT_OBJC_ISA_USAGE = YES_ERROR;
				CLANG_WARN_DOCUMENTATION_COMMENTS = YES;
				CLANG_WARN_EMPTY_BODY = YES;
				CLANG_WARN_ENUM_CONVERSION = YES;
				CLANG_WARN_INFINITE_RECURSION = YES;
				CLANG_WARN_INT_CONVERSION = YES;
				CLANG_WARN_NON_LITERAL_NULL_CONVERSION = YES;
				CLANG_WARN_OBJC_IMPLICIT_RETAIN_SELF = YES;
				CLANG_WARN_OBJC_LITERAL_CONVERSION = YES;
				CLANG_WARN_OBJC_ROOT_CLASS = YES_ERROR;
				CLANG_WARN_RANGE_LOOP_ANALYSIS = YES;
				CLANG_WARN_STRICT_PROTOTYPES = YES;
				CLANG_WARN_SUSPICIOUS_MOVE = YES;
				CLANG_WARN_UNGUARDED_AVAILABILITY = YES_AGGRESSIVE;
				CLANG_WARN_UNREACHABLE_CODE = YES;
				CLANG_WARN__DUPLICATE_METHOD_MATCH = YES;
				CODE_SIGN_IDENTITY = "iPhone Developer";
				COPY_PHASE_STRIP = NO;
				DEBUG_INFORMATION_FORMAT = "dwarf-with-dsym";
				ENABLE_NS_ASSERTIONS = NO;
				ENABLE_STRICT_OBJC_MSGSEND = YES;
				GCC_C_LANGUAGE_STANDARD = gnu11;
				GCC_NO_COMMON_BLOCKS = YES;
				GCC_WARN_64_TO_32_BIT_CONVERSION = YES;
				GCC_WARN_ABOUT_RETURN_TYPE = YES_ERROR;
				GCC_WARN_UNDECLARED_SELECTOR = YES;
				GCC_WARN_UNINITIALIZED_AUTOS = YES_AGGRESSIVE;
				GCC_WARN_UNUSED_FUNCTION = YES;
				GCC_WARN_UNUSED_VARIABLE = YES;
				IPHONEOS_DEPLOYMENT_TARGET = 11.4;
				MTL_ENABLE_DEBUG_INFO = NO;
				SDKROOT = iphoneos;
				SWIFT_COMPILATION_MODE = wholemodule;
				SWIFT_OPTIMIZATION_LEVEL = "-O";
				VALIDATE_PRODUCT = YES;
			};
			name = Release;
		};
		86015CA8232C52B70048C37E /* Debug */ = {
			isa = XCBuildConfiguration;
			buildSettings = {
				ASSETCATALOG_COMPILER_APPICON_NAME = AppIcon;
				CODE_SIGN_STYLE = Automatic;
				DEVELOPMENT_TEAM = 776RSR59DU;
				INFOPLIST_FILE = agendaApp/Info.plist;
				LD_RUNPATH_SEARCH_PATHS = (
					"$(inherited)",
					"@executable_path/Frameworks",
				);
				PRODUCT_BUNDLE_IDENTIFIER = ifisp.victorhugo.agendaApp;
				PRODUCT_NAME = "$(TARGET_NAME)";
				SWIFT_VERSION = 4.0;
				TARGETED_DEVICE_FAMILY = "1,2";
			};
			name = Debug;
		};
		86015CA9232C52B70048C37E /* Release */ = {
			isa = XCBuildConfiguration;
			buildSettings = {
				ASSETCATALOG_COMPILER_APPICON_NAME = AppIcon;
				CODE_SIGN_STYLE = Automatic;
				DEVELOPMENT_TEAM = 776RSR59DU;
				INFOPLIST_FILE = agendaApp/Info.plist;
				LD_RUNPATH_SEARCH_PATHS = (
					"$(inherited)",
					"@executable_path/Frameworks",
				);
				PRODUCT_BUNDLE_IDENTIFIER = ifisp.victorhugo.agendaApp;
				PRODUCT_NAME = "$(TARGET_NAME)";
				SWIFT_VERSION = 4.0;
				TARGETED_DEVICE_FAMILY = "1,2";
			};
			name = Release;
		};
/* End XCBuildConfiguration section */

/* Begin XCConfigurationList section */
		86015C90232C52B50048C37E /* Build configuration list for PBXProject "agendaApp" */ = {
			isa = XCConfigurationList;
			buildConfigurations = (
				86015CA5232C52B70048C37E /* Debug */,
				86015CA6232C52B70048C37E /* Release */,
			);
			defaultConfigurationIsVisible = 0;
			defaultConfigurationName = Release;
		};
		86015CA7232C52B70048C37E /* Build configuration list for PBXNativeTarget "agendaApp" */ = {
			isa = XCConfigurationList;
			buildConfigurations = (
				86015CA8232C52B70048C37E /* Debug */,
				86015CA9232C52B70048C37E /* Release */,
			);
			defaultConfigurationIsVisible = 0;
			defaultConfigurationName = Release;
		};
/* End XCConfigurationList section */

/* Begin XCVersionGroup section */
		864AC33523481DE6005F9956 /* Model.xcdatamodeld */ = {
			isa = XCVersionGroup;
			children = (
				864AC33623481DE6005F9956 /* Model.xcdatamodel */,
			);
			currentVersion = 864AC33623481DE6005F9956 /* Model.xcdatamodel */;
			path = Model.xcdatamodeld;
			sourceTree = "<group>";
			versionGroupType = wrapper.xcdatamodel;
		};
/* End XCVersionGroup section */
	};
	rootObject = 86015C8D232C52B50048C37E /* Project object */;
}
